
Microsoft Visual Studio Solution File, Format Version 12.00
# Visual Studio 15
VisualStudioVersion = 15.0.28307.572
MinimumVisualStudioVersion = 10.0.40219.1
Project("{FAE04EC0-301F-11D3-BF4B-00C04F79EFBC}") = "kpsUowRmqTest.Data", "kpsUowRmqTest.Data\kpsUowRmqTest.Data.csproj", "{96DDEFFE-7D0B-41FA-9B5E-8A3C2F1245A7}"
EndProject
Project("{FAE04EC0-301F-11D3-BF4B-00C04F79EFBC}") = "kpsUowRmqTest.Service", "kpsUowRmqTest.Service\kpsUowRmqTest.Service.csproj", "{8529C990-EF50-42CE-B80E-1203C6570F20}"
EndProject
Project("{FAE04EC0-301F-11D3-BF4B-00C04F79EFBC}") = "kpsUowRmqTest.API", "kpsUowRmqTest.API\kpsUowRmqTest.API.csproj", "{17A4A979-D42E-412B-A943-D97EA823CE88}"
EndProject
Project("{FAE04EC0-301F-11D3-BF4B-00C04F79EFBC}") = "kpsUowRmqTest.Web", "kpsUowRmqTest.Web\kpsUowRmqTest.Web.csproj", "{1536FCBA-3120-49D9-80EF-5EDB84C3FA6A}"
EndProject
Project("{FAE04EC0-301F-11D3-BF4B-00C04F79EFBC}") = "kpsUowRmqTest.RabbitMq", "kpsUowRmqTest.RabbitMq\kpsUowRmqTest.RabbitMq.csproj", "{489C77B6-A138-4B9F-9B16-CF1860F9EF00}"
EndProject
Project("{FAE04EC0-301F-11D3-BF4B-00C04F79EFBC}") = "kpsUowRmqTest.Kps", "kpsUowRmqTest.Kps\kpsUowRmqTest.Kps.csproj", "{77D9D302-D866-4497-A20F-F71675B99F5E}"
EndProject
Global
	GlobalSection(SolutionConfigurationPlatforms) = preSolution
		Debug|Any CPU = Debug|Any CPU
		Release|Any CPU = Release|Any CPU
	EndGlobalSection
	GlobalSection(ProjectConfigurationPlatforms) = postSolution
		{96DDEFFE-7D0B-41FA-9B5E-8A3C2F1245A7}.Debug|Any CPU.ActiveCfg = Debug|Any CPU
		{96DDEFFE-7D0B-41FA-9B5E-8A3C2F1245A7}.Debug|Any CPU.Build.0 = Debug|Any CPU
		{96DDEFFE-7D0B-41FA-9B5E-8A3C2F1245A7}.Release|Any CPU.ActiveCfg = Release|Any CPU
		{96DDEFFE-7D0B-41FA-9B5E-8A3C2F1245A7}.Release|Any CPU.Build.0 = Release|Any CPU
		{8529C990-EF50-42CE-B80E-1203C6570F20}.Debug|Any CPU.ActiveCfg = Debug|Any CPU
		{8529C990-EF50-42CE-B80E-1203C6570F20}.Debug|Any CPU.Build.0 = Debug|Any CPU
		{8529C990-EF50-42CE-B80E-1203C6570F20}.Release|Any CPU.ActiveCfg = Release|Any CPU
		{8529C990-EF50-42CE-B80E-1203C6570F20}.Release|Any CPU.Build.0 = Release|Any CPU
		{17A4A979-D42E-412B-A943-D97EA823CE88}.Debug|Any CPU.ActiveCfg = Debug|Any CPU
		{17A4A979-D42E-412B-A943-D97EA823CE88}.Debug|Any CPU.Build.0 = Debug|Any CPU
		{17A4A979-D42E-412B-A943-D97EA823CE88}.Release|Any CPU.ActiveCfg = Release|Any CPU
		{17A4A979-D42E-412B-A943-D97EA823CE88}.Release|Any CPU.Build.0 = Release|Any CPU
		{1536FCBA-3120-49D9-80EF-5EDB84C3FA6A}.Debug|Any CPU.ActiveCfg = Debug|Any CPU
		{1536FCBA-3120-49D9-80EF-5EDB84C3FA6A}.Debug|Any CPU.Build.0 = Debug|Any CPU
		{1536FCBA-3120-49D9-80EF-5EDB84C3FA6A}.Release|Any CPU.ActiveCfg = Release|Any CPU
		{1536FCBA-3120-49D9-80EF-5EDB84C3FA6A}.Release|Any CPU.Build.0 = Release|Any CPU
		{489C77B6-A138-4B9F-9B16-CF1860F9EF00}.Debug|Any CPU.ActiveCfg = Debug|Any CPU
		{489C77B6-A138-4B9F-9B16-CF1860F9EF00}.Debug|Any CPU.Build.0 = Debug|Any CPU
		{489C77B6-A138-4B9F-9B16-CF1860F9EF00}.Release|Any CPU.ActiveCfg = Release|Any CPU
		{489C77B6-A138-4B9F-9B16-CF1860F9EF00}.Release|Any CPU.Build.0 = Release|Any CPU
		{77D9D302-D866-4497-A20F-F71675B99F5E}.Debug|Any CPU.ActiveCfg = Debug|Any CPU
		{77D9D302-D866-4497-A20F-F71675B99F5E}.Debug|Any CPU.Build.0 = Debug|Any CPU
		{77D9D302-D866-4497-A20F-F71675B99F5E}.Release|Any CPU.ActiveCfg = Release|Any CPU
		{77D9D302-D866-4497-A20F-F71675B99F5E}.Release|Any CPU.Build.0 = Release|Any CPU
	EndGlobalSection
	GlobalSection(SolutionProperties) = preSolution
		HideSolutionNode = FALSE
	EndGlobalSection
	GlobalSection(ExtensibilityGlobals) = postSolution
		SolutionGuid = {073AD07C-7BD2-457C-9896-ED8D7DEB4D0E}
	EndGlobalSection
EndGlobal
